
Microsoft Visual Studio Solution File, Format Version 12.00
# Visual Studio Version 17
VisualStudioVersion = 17.0.31903.59
MinimumVisualStudioVersion = 10.0.40219.1
Project("{2150E333-8FDC-42A3-9474-1A3956D46DE8}") = "gameplaymachine_core", "gameplaymachine_core", "{F7760797-8F2F-850B-6F78-0BC90A1A3740}"
EndProject
Project("{2150E333-8FDC-42A3-9474-1A3956D46DE8}") = "main", "main", "{887A19BF-7F9A-16C7-25F3-6EFDF3B0534E}"
EndProject
Project("{FAE04EC0-301F-11D3-BF4B-00C04F79EFBC}") = "GameplayMachineCore", "gameplaymachine_core\main\GameplayMachineCore\GameplayMachineCore.csproj", "{90DD9AB5-4167-4C21-B56D-E57ABC04AD9F}"
EndProject
Project("{2150E333-8FDC-42A3-9474-1A3956D46DE8}") = "dependencies", "dependencies", "{609F40C5-C560-40E6-76C7-691311A42DF0}"
EndProject
Project("{2150E333-8FDC-42A3-9474-1A3956D46DE8}") = "common_serializer", "common_serializer", "{CB5C4078-9EB6-6E70-45C6-EEFE96C565AC}"
EndProject
Project("{2150E333-8FDC-42A3-9474-1A3956D46DE8}") = "main", "main", "{4749DE6E-AA66-2B62-A600-4C9E18A01A81}"
EndProject
Project("{2150E333-8FDC-42A3-9474-1A3956D46DE8}") = "CommonSerializeDefine", "CommonSerializeDefine", "{B2E61F30-6C08-1C96-46F0-09EA6E4AB860}"
EndProject
Project("{FAE04EC0-301F-11D3-BF4B-00C04F79EFBC}") = "CommonSerialize", "dependencies\common_serializer\main\CommonSerializeDefine\CommonSerialize.csproj", "{D250946D-43AC-45CC-BFFB-D22780E02943}"
EndProject
Project("{2150E333-8FDC-42A3-9474-1A3956D46DE8}") = "od-core", "od-core", "{51E6985D-5232-CDA8-11B4-9B18D1523467}"
EndProject
Project("{2150E333-8FDC-42A3-9474-1A3956D46DE8}") = "main", "main", "{7DF45F22-B15E-D4AB-3EFE-AA0DEA728AB7}"
EndProject
Project("{FAE04EC0-301F-11D3-BF4B-00C04F79EFBC}") = "ODCore", "od-core\main\ODCore\ODCore.csproj", "{F140A0F9-6211-4757-9534-58E07A794998}"
EndProject
Project("{2150E333-8FDC-42A3-9474-1A3956D46DE8}") = "bitstream", "bitstream", "{27B10030-DFCE-FB60-29C1-DDC0D65296BF}"
EndProject
Project("{2150E333-8FDC-42A3-9474-1A3956D46DE8}") = "main", "main", "{077B2D50-4340-2162-1854-57145FC6F59F}"
EndProject
Project("{FAE04EC0-301F-11D3-BF4B-00C04F79EFBC}") = "BitStream", "dependencies\bitstream\main\BitStream\BitStream.csproj", "{F8B99CA0-CF28-49CA-AB5C-19FF33F81511}"
EndProject
Project("{2150E333-8FDC-42A3-9474-1A3956D46DE8}") = "helper", "helper", "{E435F4BC-5830-BA1F-A09C-A793D6715A7E}"
EndProject
Project("{2150E333-8FDC-42A3-9474-1A3956D46DE8}") = "main", "main", "{3F25F144-1460-B918-8C6F-D60FE8B13D12}"
EndProject
Project("{FAE04EC0-301F-11D3-BF4B-00C04F79EFBC}") = "xhelper", "dependencies\helper\main\xhelper\xhelper.csproj", "{F2EB3194-68E9-4CBE-BCFF-B3E5CDCA18FA}"
EndProject
Project("{2150E333-8FDC-42A3-9474-1A3956D46DE8}") = "xlockstep", "xlockstep", "{11F3D48B-7B7A-7D8C-552B-1FFAEBD95A93}"
EndProject
Project("{2150E333-8FDC-42A3-9474-1A3956D46DE8}") = "src", "src", "{ACF12586-158E-DE56-63D3-10123F344626}"
EndProject
Project("{FAE04EC0-301F-11D3-BF4B-00C04F79EFBC}") = "XLockstep", "xlockstep\src\XLockstep\XLockstep.csproj", "{BF8FD89C-5604-4FE9-B9C6-C152FCCB763D}"
EndProject
Project("{2150E333-8FDC-42A3-9474-1A3956D46DE8}") = "XEnumerator", "XEnumerator", "{186CE434-00E2-86D5-6124-4707E0DAECEF}"
EndProject
Project("{2150E333-8FDC-42A3-9474-1A3956D46DE8}") = "main", "main", "{F04A1990-119A-EE8B-18F7-139591B75EBD}"
EndProject
Project("{FAE04EC0-301F-11D3-BF4B-00C04F79EFBC}") = "XEnumerator", "dependencies\XEnumerator\main\XEnumerator\XEnumerator.csproj", "{A86ED67A-A20E-4888-A545-30F1B2DAA92C}"
EndProject
Project("{2150E333-8FDC-42A3-9474-1A3956D46DE8}") = "event_system", "event_system", "{17F4A8C5-484D-B6C6-8315-534341D6400D}"
EndProject
Project("{2150E333-8FDC-42A3-9474-1A3956D46DE8}") = "main", "main", "{C4A3CBF0-6B43-5A37-3A6B-5832A4F48172}"
EndProject
Project("{FAE04EC0-301F-11D3-BF4B-00C04F79EFBC}") = "event_system", "dependencies\event_system\main\event_system\event_system.csproj", "{2543DD00-605D-46B2-8030-F6DCD8CF46DC}"
EndProject
Project("{2150E333-8FDC-42A3-9474-1A3956D46DE8}") = "lifetime_object", "lifetime_object", "{64EF6FCE-CB5C-FE65-119E-142F9BE4CDA9}"
EndProject
Project("{2150E333-8FDC-42A3-9474-1A3956D46DE8}") = "main", "main", "{6045407B-8855-2675-22BF-5D70863F960D}"
EndProject
Project("{FAE04EC0-301F-11D3-BF4B-00C04F79EFBC}") = "lifetime_object", "dependencies\lifetime_object\main\lifetime_object\lifetime_object.csproj", "{0E8560BB-1805-4FAE-BF80-D088837DDC46}"
EndProject
Project("{2150E333-8FDC-42A3-9474-1A3956D46DE8}") = "logger", "logger", "{B4256F41-2EE4-BCF1-F6F9-8C0CCE87B2E9}"
EndProject
Project("{2150E333-8FDC-42A3-9474-1A3956D46DE8}") = "main", "main", "{0FE71FFA-D127-5CA2-EEFD-5D5B18A37982}"
EndProject
Project("{FAE04EC0-301F-11D3-BF4B-00C04F79EFBC}") = "XLogger", "dependencies\logger\main\XLogger\XLogger.csproj", "{91B0ADE5-53D2-4DD4-921C-03575DBEAD93}"
EndProject
Project("{2150E333-8FDC-42A3-9474-1A3956D46DE8}") = "od-manipulator", "od-manipulator", "{2950FD09-AD91-EBE7-B43D-F2320874E635}"
EndProject
Project("{2150E333-8FDC-42A3-9474-1A3956D46DE8}") = "ODManipulator", "ODManipulator", "{96B22C3C-3A28-B608-535A-5B816B7F53D3}"
EndProject
Project("{FAE04EC0-301F-11D3-BF4B-00C04F79EFBC}") = "ODStudio.Editor", "od-manipulator\ODManipulator\ODStudio.Editor\ODStudio.Editor.csproj", "{FE4DE763-92EA-4042-88FA-59D8A4DB3E90}"
EndProject
Project("{FAE04EC0-301F-11D3-BF4B-00C04F79EFBC}") = "ODStudio.Export", "od-manipulator\ODManipulator\ODStudio.Export\ODStudio.Export.csproj", "{822B6A6E-0876-4474-AA8A-F93A034C2CF2}"
EndProject
Project("{FAE04EC0-301F-11D3-BF4B-00C04F79EFBC}") = "ODStudio.Model", "od-manipulator\ODManipulator\ODStudio.Model\ODStudio.Model.csproj", "{DEA7E527-A674-45EF-BF3E-BD474B4D66AB}"
EndProject
Project("{FAE04EC0-301F-11D3-BF4B-00C04F79EFBC}") = "ODStudio.Package", "od-manipulator\ODManipulator\ODStudio.Package\ODStudio.Package.csproj", "{3AC9B40C-AA69-4C3F-B30D-6346499E4A8D}"
EndProject
Project("{FAE04EC0-301F-11D3-BF4B-00C04F79EFBC}") = "ODStudio.Export.Unity", "od-manipulator\ODManipulator\ODStudio.Export.Unity\ODStudio.Export.Unity.csproj", "{AA176C01-A63D-4797-B5B1-358A377EDC1C}"
EndProject
Project("{FAE04EC0-301F-11D3-BF4B-00C04F79EFBC}") = "ODStudio.Generator", "od-manipulator\ODManipulator\ODStudio.Generator\ODStudio.Generator.csproj", "{BAA24C94-64D4-46B7-9376-CEEB3C66A22F}"
EndProject
Project("{FAE04EC0-301F-11D3-BF4B-00C04F79EFBC}") = "ODStudio.Cli", "od-manipulator\ODManipulator\ODStudio.Cli\ODStudio.Cli.csproj", "{B1A60339-670A-427C-A98D-F4B6C23BAC2B}"
EndProject
Project("{FAE04EC0-301F-11D3-BF4B-00C04F79EFBC}") = "Test", "gameplaymachine_core\main\Test\Test.csproj", "{7467747A-ACC2-46B3-B913-63EFC25C0889}"
EndProject
Project("{FAE04EC0-301F-11D3-BF4B-00C04F79EFBC}") = "TestCommon", "gameplaymachine_core\main\TestCommon\TestCommon.csproj", "{CF8679F7-B1F3-4A7C-AAE4-B8F8E60E099E}"
EndProject
Project("{FAE04EC0-301F-11D3-BF4B-00C04F79EFBC}") = "TestGM", "gameplaymachine_core\main\TestGM\TestGM.csproj", "{C6ABD93C-9602-4F1D-883D-95518798C1F1}"
EndProject
Project("{2150E333-8FDC-42A3-9474-1A3956D46DE8}") = "tests", "tests", "{6578CBC6-6481-2058-5007-7599373DE716}"
EndProject
Project("{FAE04EC0-301F-11D3-BF4B-00C04F79EFBC}") = "XLockstep.Tests", "xlockstep\tests\XLockstep.Tests\XLockstep.Tests.csproj", "{B249E25C-495C-443F-8D9B-AB857767FFE6}"
EndProject
Project("{FAE04EC0-301F-11D3-BF4B-00C04F79EFBC}") = "ODStudio.Tests", "od-manipulator\ODManipulator\ODStudio.Tests\ODStudio.Tests.csproj", "{20FF2DAB-DA01-4F3B-9D51-C5A8854B0BB7}"
EndProject
Global
	GlobalSection(SolutionConfigurationPlatforms) = preSolution
		Debug|Any CPU = Debug|Any CPU
		Debug|x64 = Debug|x64
		Debug|x86 = Debug|x86
		Release|Any CPU = Release|Any CPU
		Release|x64 = Release|x64
		Release|x86 = Release|x86
	EndGlobalSection
	GlobalSection(ProjectConfigurationPlatforms) = postSolution
		{90DD9AB5-4167-4C21-B56D-E57ABC04AD9F}.Debug|Any CPU.ActiveCfg = Debug|Any CPU
		{90DD9AB5-4167-4C21-B56D-E57ABC04AD9F}.Debug|Any CPU.Build.0 = Debug|Any CPU
		{90DD9AB5-4167-4C21-B56D-E57ABC04AD9F}.Debug|x64.ActiveCfg = Debug|Any CPU
		{90DD9AB5-4167-4C21-B56D-E57ABC04AD9F}.Debug|x64.Build.0 = Debug|Any CPU
		{90DD9AB5-4167-4C21-B56D-E57ABC04AD9F}.Debug|x86.ActiveCfg = Debug|Any CPU
		{90DD9AB5-4167-4C21-B56D-E57ABC04AD9F}.Debug|x86.Build.0 = Debug|Any CPU
		{90DD9AB5-4167-4C21-B56D-E57ABC04AD9F}.Release|Any CPU.ActiveCfg = Release|Any CPU
		{90DD9AB5-4167-4C21-B56D-E57ABC04AD9F}.Release|Any CPU.Build.0 = Release|Any CPU
		{90DD9AB5-4167-4C21-B56D-E57ABC04AD9F}.Release|x64.ActiveCfg = Release|Any CPU
		{90DD9AB5-4167-4C21-B56D-E57ABC04AD9F}.Release|x64.Build.0 = Release|Any CPU
		{90DD9AB5-4167-4C21-B56D-E57ABC04AD9F}.Release|x86.ActiveCfg = Release|Any CPU
		{90DD9AB5-4167-4C21-B56D-E57ABC04AD9F}.Release|x86.Build.0 = Release|Any CPU
		{D250946D-43AC-45CC-BFFB-D22780E02943}.Debug|Any CPU.ActiveCfg = Debug|Any CPU
		{D250946D-43AC-45CC-BFFB-D22780E02943}.Debug|Any CPU.Build.0 = Debug|Any CPU
		{D250946D-43AC-45CC-BFFB-D22780E02943}.Debug|x64.ActiveCfg = Debug|Any CPU
		{D250946D-43AC-45CC-BFFB-D22780E02943}.Debug|x64.Build.0 = Debug|Any CPU
		{D250946D-43AC-45CC-BFFB-D22780E02943}.Debug|x86.ActiveCfg = Debug|Any CPU
		{D250946D-43AC-45CC-BFFB-D22780E02943}.Debug|x86.Build.0 = Debug|Any CPU
		{D250946D-43AC-45CC-BFFB-D22780E02943}.Release|Any CPU.ActiveCfg = Release|Any CPU
		{D250946D-43AC-45CC-BFFB-D22780E02943}.Release|Any CPU.Build.0 = Release|Any CPU
		{D250946D-43AC-45CC-BFFB-D22780E02943}.Release|x64.ActiveCfg = Release|Any CPU
		{D250946D-43AC-45CC-BFFB-D22780E02943}.Release|x64.Build.0 = Release|Any CPU
		{D250946D-43AC-45CC-BFFB-D22780E02943}.Release|x86.ActiveCfg = Release|Any CPU
		{D250946D-43AC-45CC-BFFB-D22780E02943}.Release|x86.Build.0 = Release|Any CPU
		{F140A0F9-6211-4757-9534-58E07A794998}.Debug|Any CPU.ActiveCfg = Debug|Any CPU
		{F140A0F9-6211-4757-9534-58E07A794998}.Debug|Any CPU.Build.0 = Debug|Any CPU
		{F140A0F9-6211-4757-9534-58E07A794998}.Debug|x64.ActiveCfg = Debug|Any CPU
		{F140A0F9-6211-4757-9534-58E07A794998}.Debug|x64.Build.0 = Debug|Any CPU
		{F140A0F9-6211-4757-9534-58E07A794998}.Debug|x86.ActiveCfg = Debug|Any CPU
		{F140A0F9-6211-4757-9534-58E07A794998}.Debug|x86.Build.0 = Debug|Any CPU
		{F140A0F9-6211-4757-9534-58E07A794998}.Release|Any CPU.ActiveCfg = Release|Any CPU
		{F140A0F9-6211-4757-9534-58E07A794998}.Release|Any CPU.Build.0 = Release|Any CPU
		{F140A0F9-6211-4757-9534-58E07A794998}.Release|x64.ActiveCfg = Release|Any CPU
		{F140A0F9-6211-4757-9534-58E07A794998}.Release|x64.Build.0 = Release|Any CPU
		{F140A0F9-6211-4757-9534-58E07A794998}.Release|x86.ActiveCfg = Release|Any CPU
		{F140A0F9-6211-4757-9534-58E07A794998}.Release|x86.Build.0 = Release|Any CPU
		{F8B99CA0-CF28-49CA-AB5C-19FF33F81511}.Debug|Any CPU.ActiveCfg = Debug|Any CPU
		{F8B99CA0-CF28-49CA-AB5C-19FF33F81511}.Debug|Any CPU.Build.0 = Debug|Any CPU
		{F8B99CA0-CF28-49CA-AB5C-19FF33F81511}.Debug|x64.ActiveCfg = Debug|Any CPU
		{F8B99CA0-CF28-49CA-AB5C-19FF33F81511}.Debug|x64.Build.0 = Debug|Any CPU
		{F8B99CA0-CF28-49CA-AB5C-19FF33F81511}.Debug|x86.ActiveCfg = Debug|Any CPU
		{F8B99CA0-CF28-49CA-AB5C-19FF33F81511}.Debug|x86.Build.0 = Debug|Any CPU
		{F8B99CA0-CF28-49CA-AB5C-19FF33F81511}.Release|Any CPU.ActiveCfg = Release|Any CPU
		{F8B99CA0-CF28-49CA-AB5C-19FF33F81511}.Release|Any CPU.Build.0 = Release|Any CPU
		{F8B99CA0-CF28-49CA-AB5C-19FF33F81511}.Release|x64.ActiveCfg = Release|Any CPU
		{F8B99CA0-CF28-49CA-AB5C-19FF33F81511}.Release|x64.Build.0 = Release|Any CPU
		{F8B99CA0-CF28-49CA-AB5C-19FF33F81511}.Release|x86.ActiveCfg = Release|Any CPU
		{F8B99CA0-CF28-49CA-AB5C-19FF33F81511}.Release|x86.Build.0 = Release|Any CPU
		{F2EB3194-68E9-4CBE-BCFF-B3E5CDCA18FA}.Debug|Any CPU.ActiveCfg = Debug|Any CPU
		{F2EB3194-68E9-4CBE-BCFF-B3E5CDCA18FA}.Debug|Any CPU.Build.0 = Debug|Any CPU
		{F2EB3194-68E9-4CBE-BCFF-B3E5CDCA18FA}.Debug|x64.ActiveCfg = Debug|Any CPU
		{F2EB3194-68E9-4CBE-BCFF-B3E5CDCA18FA}.Debug|x64.Build.0 = Debug|Any CPU
		{F2EB3194-68E9-4CBE-BCFF-B3E5CDCA18FA}.Debug|x86.ActiveCfg = Debug|Any CPU
		{F2EB3194-68E9-4CBE-BCFF-B3E5CDCA18FA}.Debug|x86.Build.0 = Debug|Any CPU
		{F2EB3194-68E9-4CBE-BCFF-B3E5CDCA18FA}.Release|Any CPU.ActiveCfg = Release|Any CPU
		{F2EB3194-68E9-4CBE-BCFF-B3E5CDCA18FA}.Release|Any CPU.Build.0 = Release|Any CPU
		{F2EB3194-68E9-4CBE-BCFF-B3E5CDCA18FA}.Release|x64.ActiveCfg = Release|Any CPU
		{F2EB3194-68E9-4CBE-BCFF-B3E5CDCA18FA}.Release|x64.Build.0 = Release|Any CPU
		{F2EB3194-68E9-4CBE-BCFF-B3E5CDCA18FA}.Release|x86.ActiveCfg = Release|Any CPU
		{F2EB3194-68E9-4CBE-BCFF-B3E5CDCA18FA}.Release|x86.Build.0 = Release|Any CPU
		{BF8FD89C-5604-4FE9-B9C6-C152FCCB763D}.Debug|Any CPU.ActiveCfg = Debug|Any CPU
		{BF8FD89C-5604-4FE9-B9C6-C152FCCB763D}.Debug|Any CPU.Build.0 = Debug|Any CPU
		{BF8FD89C-5604-4FE9-B9C6-C152FCCB763D}.Debug|x64.ActiveCfg = Debug|Any CPU
		{BF8FD89C-5604-4FE9-B9C6-C152FCCB763D}.Debug|x64.Build.0 = Debug|Any CPU
		{BF8FD89C-5604-4FE9-B9C6-C152FCCB763D}.Debug|x86.ActiveCfg = Debug|Any CPU
		{BF8FD89C-5604-4FE9-B9C6-C152FCCB763D}.Debug|x86.Build.0 = Debug|Any CPU
		{BF8FD89C-5604-4FE9-B9C6-C152FCCB763D}.Release|Any CPU.ActiveCfg = Release|Any CPU
		{BF8FD89C-5604-4FE9-B9C6-C152FCCB763D}.Release|Any CPU.Build.0 = Release|Any CPU
		{BF8FD89C-5604-4FE9-B9C6-C152FCCB763D}.Release|x64.ActiveCfg = Release|Any CPU
		{BF8FD89C-5604-4FE9-B9C6-C152FCCB763D}.Release|x64.Build.0 = Release|Any CPU
		{BF8FD89C-5604-4FE9-B9C6-C152FCCB763D}.Release|x86.ActiveCfg = Release|Any CPU
		{BF8FD89C-5604-4FE9-B9C6-C152FCCB763D}.Release|x86.Build.0 = Release|Any CPU
		{A86ED67A-A20E-4888-A545-30F1B2DAA92C}.Debug|Any CPU.ActiveCfg = Debug|Any CPU
		{A86ED67A-A20E-4888-A545-30F1B2DAA92C}.Debug|Any CPU.Build.0 = Debug|Any CPU
		{A86ED67A-A20E-4888-A545-30F1B2DAA92C}.Debug|x64.ActiveCfg = Debug|Any CPU
		{A86ED67A-A20E-4888-A545-30F1B2DAA92C}.Debug|x64.Build.0 = Debug|Any CPU
		{A86ED67A-A20E-4888-A545-30F1B2DAA92C}.Debug|x86.ActiveCfg = Debug|Any CPU
		{A86ED67A-A20E-4888-A545-30F1B2DAA92C}.Debug|x86.Build.0 = Debug|Any CPU
		{A86ED67A-A20E-4888-A545-30F1B2DAA92C}.Release|Any CPU.ActiveCfg = Release|Any CPU
		{A86ED67A-A20E-4888-A545-30F1B2DAA92C}.Release|Any CPU.Build.0 = Release|Any CPU
		{A86ED67A-A20E-4888-A545-30F1B2DAA92C}.Release|x64.ActiveCfg = Release|Any CPU
		{A86ED67A-A20E-4888-A545-30F1B2DAA92C}.Release|x64.Build.0 = Release|Any CPU
		{A86ED67A-A20E-4888-A545-30F1B2DAA92C}.Release|x86.ActiveCfg = Release|Any CPU
		{A86ED67A-A20E-4888-A545-30F1B2DAA92C}.Release|x86.Build.0 = Release|Any CPU
		{2543DD00-605D-46B2-8030-F6DCD8CF46DC}.Debug|Any CPU.ActiveCfg = Debug|Any CPU
		{2543DD00-605D-46B2-8030-F6DCD8CF46DC}.Debug|Any CPU.Build.0 = Debug|Any CPU
		{2543DD00-605D-46B2-8030-F6DCD8CF46DC}.Debug|x64.ActiveCfg = Debug|Any CPU
		{2543DD00-605D-46B2-8030-F6DCD8CF46DC}.Debug|x64.Build.0 = Debug|Any CPU
		{2543DD00-605D-46B2-8030-F6DCD8CF46DC}.Debug|x86.ActiveCfg = Debug|Any CPU
		{2543DD00-605D-46B2-8030-F6DCD8CF46DC}.Debug|x86.Build.0 = Debug|Any CPU
		{2543DD00-605D-46B2-8030-F6DCD8CF46DC}.Release|Any CPU.ActiveCfg = Release|Any CPU
		{2543DD00-605D-46B2-8030-F6DCD8CF46DC}.Release|Any CPU.Build.0 = Release|Any CPU
		{2543DD00-605D-46B2-8030-F6DCD8CF46DC}.Release|x64.ActiveCfg = Release|Any CPU
		{2543DD00-605D-46B2-8030-F6DCD8CF46DC}.Release|x64.Build.0 = Release|Any CPU
		{2543DD00-605D-46B2-8030-F6DCD8CF46DC}.Release|x86.ActiveCfg = Release|Any CPU
		{2543DD00-605D-46B2-8030-F6DCD8CF46DC}.Release|x86.Build.0 = Release|Any CPU
		{0E8560BB-1805-4FAE-BF80-D088837DDC46}.Debug|Any CPU.ActiveCfg = Debug|Any CPU
		{0E8560BB-1805-4FAE-BF80-D088837DDC46}.Debug|Any CPU.Build.0 = Debug|Any CPU
		{0E8560BB-1805-4FAE-BF80-D088837DDC46}.Debug|x64.ActiveCfg = Debug|Any CPU
		{0E8560BB-1805-4FAE-BF80-D088837DDC46}.Debug|x64.Build.0 = Debug|Any CPU
		{0E8560BB-1805-4FAE-BF80-D088837DDC46}.Debug|x86.ActiveCfg = Debug|Any CPU
		{0E8560BB-1805-4FAE-BF80-D088837DDC46}.Debug|x86.Build.0 = Debug|Any CPU
		{0E8560BB-1805-4FAE-BF80-D088837DDC46}.Release|Any CPU.ActiveCfg = Release|Any CPU
		{0E8560BB-1805-4FAE-BF80-D088837DDC46}.Release|Any CPU.Build.0 = Release|Any CPU
		{0E8560BB-1805-4FAE-BF80-D088837DDC46}.Release|x64.ActiveCfg = Release|Any CPU
		{0E8560BB-1805-4FAE-BF80-D088837DDC46}.Release|x64.Build.0 = Release|Any CPU
		{0E8560BB-1805-4FAE-BF80-D088837DDC46}.Release|x86.ActiveCfg = Release|Any CPU
		{0E8560BB-1805-4FAE-BF80-D088837DDC46}.Release|x86.Build.0 = Release|Any CPU
		{91B0ADE5-53D2-4DD4-921C-03575DBEAD93}.Debug|Any CPU.ActiveCfg = Debug|Any CPU
		{91B0ADE5-53D2-4DD4-921C-03575DBEAD93}.Debug|Any CPU.Build.0 = Debug|Any CPU
		{91B0ADE5-53D2-4DD4-921C-03575DBEAD93}.Debug|x64.ActiveCfg = Debug|Any CPU
		{91B0ADE5-53D2-4DD4-921C-03575DBEAD93}.Debug|x64.Build.0 = Debug|Any CPU
		{91B0ADE5-53D2-4DD4-921C-03575DBEAD93}.Debug|x86.ActiveCfg = Debug|Any CPU
		{91B0ADE5-53D2-4DD4-921C-03575DBEAD93}.Debug|x86.Build.0 = Debug|Any CPU
		{91B0ADE5-53D2-4DD4-921C-03575DBEAD93}.Release|Any CPU.ActiveCfg = Release|Any CPU
		{91B0ADE5-53D2-4DD4-921C-03575DBEAD93}.Release|Any CPU.Build.0 = Release|Any CPU
		{91B0ADE5-53D2-4DD4-921C-03575DBEAD93}.Release|x64.ActiveCfg = Release|Any CPU
		{91B0ADE5-53D2-4DD4-921C-03575DBEAD93}.Release|x64.Build.0 = Release|Any CPU
		{91B0ADE5-53D2-4DD4-921C-03575DBEAD93}.Release|x86.ActiveCfg = Release|Any CPU
		{91B0ADE5-53D2-4DD4-921C-03575DBEAD93}.Release|x86.Build.0 = Release|Any CPU
		{FE4DE763-92EA-4042-88FA-59D8A4DB3E90}.Debug|Any CPU.ActiveCfg = Debug|Any CPU
		{FE4DE763-92EA-4042-88FA-59D8A4DB3E90}.Debug|Any CPU.Build.0 = Debug|Any CPU
		{FE4DE763-92EA-4042-88FA-59D8A4DB3E90}.Debug|x64.ActiveCfg = Debug|Any CPU
		{FE4DE763-92EA-4042-88FA-59D8A4DB3E90}.Debug|x64.Build.0 = Debug|Any CPU
		{FE4DE763-92EA-4042-88FA-59D8A4DB3E90}.Debug|x86.ActiveCfg = Debug|Any CPU
		{FE4DE763-92EA-4042-88FA-59D8A4DB3E90}.Debug|x86.Build.0 = Debug|Any CPU
		{FE4DE763-92EA-4042-88FA-59D8A4DB3E90}.Release|Any CPU.ActiveCfg = Release|Any CPU
		{FE4DE763-92EA-4042-88FA-59D8A4DB3E90}.Release|Any CPU.Build.0 = Release|Any CPU
		{FE4DE763-92EA-4042-88FA-59D8A4DB3E90}.Release|x64.ActiveCfg = Release|Any CPU
		{FE4DE763-92EA-4042-88FA-59D8A4DB3E90}.Release|x64.Build.0 = Release|Any CPU
		{FE4DE763-92EA-4042-88FA-59D8A4DB3E90}.Release|x86.ActiveCfg = Release|Any CPU
		{FE4DE763-92EA-4042-88FA-59D8A4DB3E90}.Release|x86.Build.0 = Release|Any CPU
		{822B6A6E-0876-4474-AA8A-F93A034C2CF2}.Debug|Any CPU.ActiveCfg = Debug|Any CPU
		{822B6A6E-0876-4474-AA8A-F93A034C2CF2}.Debug|Any CPU.Build.0 = Debug|Any CPU
		{822B6A6E-0876-4474-AA8A-F93A034C2CF2}.Debug|x64.ActiveCfg = Debug|Any CPU
		{822B6A6E-0876-4474-AA8A-F93A034C2CF2}.Debug|x64.Build.0 = Debug|Any CPU
		{822B6A6E-0876-4474-AA8A-F93A034C2CF2}.Debug|x86.ActiveCfg = Debug|Any CPU
		{822B6A6E-0876-4474-AA8A-F93A034C2CF2}.Debug|x86.Build.0 = Debug|Any CPU
		{822B6A6E-0876-4474-AA8A-F93A034C2CF2}.Release|Any CPU.ActiveCfg = Release|Any CPU
		{822B6A6E-0876-4474-AA8A-F93A034C2CF2}.Release|Any CPU.Build.0 = Release|Any CPU
		{822B6A6E-0876-4474-AA8A-F93A034C2CF2}.Release|x64.ActiveCfg = Release|Any CPU
		{822B6A6E-0876-4474-AA8A-F93A034C2CF2}.Release|x64.Build.0 = Release|Any CPU
		{822B6A6E-0876-4474-AA8A-F93A034C2CF2}.Release|x86.ActiveCfg = Release|Any CPU
		{822B6A6E-0876-4474-AA8A-F93A034C2CF2}.Release|x86.Build.0 = Release|Any CPU
		{DEA7E527-A674-45EF-BF3E-BD474B4D66AB}.Debug|Any CPU.ActiveCfg = Debug|Any CPU
		{DEA7E527-A674-45EF-BF3E-BD474B4D66AB}.Debug|Any CPU.Build.0 = Debug|Any CPU
		{DEA7E527-A674-45EF-BF3E-BD474B4D66AB}.Debug|x64.ActiveCfg = Debug|Any CPU
		{DEA7E527-A674-45EF-BF3E-BD474B4D66AB}.Debug|x64.Build.0 = Debug|Any CPU
		{DEA7E527-A674-45EF-BF3E-BD474B4D66AB}.Debug|x86.ActiveCfg = Debug|Any CPU
		{DEA7E527-A674-45EF-BF3E-BD474B4D66AB}.Debug|x86.Build.0 = Debug|Any CPU
		{DEA7E527-A674-45EF-BF3E-BD474B4D66AB}.Release|Any CPU.ActiveCfg = Release|Any CPU
		{DEA7E527-A674-45EF-BF3E-BD474B4D66AB}.Release|Any CPU.Build.0 = Release|Any CPU
		{DEA7E527-A674-45EF-BF3E-BD474B4D66AB}.Release|x64.ActiveCfg = Release|Any CPU
		{DEA7E527-A674-45EF-BF3E-BD474B4D66AB}.Release|x64.Build.0 = Release|Any CPU
		{DEA7E527-A674-45EF-BF3E-BD474B4D66AB}.Release|x86.ActiveCfg = Release|Any CPU
		{DEA7E527-A674-45EF-BF3E-BD474B4D66AB}.Release|x86.Build.0 = Release|Any CPU
		{3AC9B40C-AA69-4C3F-B30D-6346499E4A8D}.Debug|Any CPU.ActiveCfg = Debug|Any CPU
		{3AC9B40C-AA69-4C3F-B30D-6346499E4A8D}.Debug|Any CPU.Build.0 = Debug|Any CPU
		{3AC9B40C-AA69-4C3F-B30D-6346499E4A8D}.Debug|x64.ActiveCfg = Debug|Any CPU
		{3AC9B40C-AA69-4C3F-B30D-6346499E4A8D}.Debug|x64.Build.0 = Debug|Any CPU
		{3AC9B40C-AA69-4C3F-B30D-6346499E4A8D}.Debug|x86.ActiveCfg = Debug|Any CPU
		{3AC9B40C-AA69-4C3F-B30D-6346499E4A8D}.Debug|x86.Build.0 = Debug|Any CPU
		{3AC9B40C-AA69-4C3F-B30D-6346499E4A8D}.Release|Any CPU.ActiveCfg = Release|Any CPU
		{3AC9B40C-AA69-4C3F-B30D-6346499E4A8D}.Release|Any CPU.Build.0 = Release|Any CPU
		{3AC9B40C-AA69-4C3F-B30D-6346499E4A8D}.Release|x64.ActiveCfg = Release|Any CPU
		{3AC9B40C-AA69-4C3F-B30D-6346499E4A8D}.Release|x64.Build.0 = Release|Any CPU
		{3AC9B40C-AA69-4C3F-B30D-6346499E4A8D}.Release|x86.ActiveCfg = Release|Any CPU
		{3AC9B40C-AA69-4C3F-B30D-6346499E4A8D}.Release|x86.Build.0 = Release|Any CPU
		{AA176C01-A63D-4797-B5B1-358A377EDC1C}.Debug|Any CPU.ActiveCfg = Debug|Any CPU
		{AA176C01-A63D-4797-B5B1-358A377EDC1C}.Debug|Any CPU.Build.0 = Debug|Any CPU
		{AA176C01-A63D-4797-B5B1-358A377EDC1C}.Debug|x64.ActiveCfg = Debug|Any CPU
		{AA176C01-A63D-4797-B5B1-358A377EDC1C}.Debug|x64.Build.0 = Debug|Any CPU
		{AA176C01-A63D-4797-B5B1-358A377EDC1C}.Debug|x86.ActiveCfg = Debug|Any CPU
		{AA176C01-A63D-4797-B5B1-358A377EDC1C}.Debug|x86.Build.0 = Debug|Any CPU
		{AA176C01-A63D-4797-B5B1-358A377EDC1C}.Release|Any CPU.ActiveCfg = Release|Any CPU
		{AA176C01-A63D-4797-B5B1-358A377EDC1C}.Release|Any CPU.Build.0 = Release|Any CPU
		{AA176C01-A63D-4797-B5B1-358A377EDC1C}.Release|x64.ActiveCfg = Release|Any CPU
		{AA176C01-A63D-4797-B5B1-358A377EDC1C}.Release|x64.Build.0 = Release|Any CPU
		{AA176C01-A63D-4797-B5B1-358A377EDC1C}.Release|x86.ActiveCfg = Release|Any CPU
		{AA176C01-A63D-4797-B5B1-358A377EDC1C}.Release|x86.Build.0 = Release|Any CPU
		{BAA24C94-64D4-46B7-9376-CEEB3C66A22F}.Debug|Any CPU.ActiveCfg = Debug|Any CPU
		{BAA24C94-64D4-46B7-9376-CEEB3C66A22F}.Debug|Any CPU.Build.0 = Debug|Any CPU
		{BAA24C94-64D4-46B7-9376-CEEB3C66A22F}.Debug|x64.ActiveCfg = Debug|Any CPU
		{BAA24C94-64D4-46B7-9376-CEEB3C66A22F}.Debug|x64.Build.0 = Debug|Any CPU
		{BAA24C94-64D4-46B7-9376-CEEB3C66A22F}.Debug|x86.ActiveCfg = Debug|Any CPU
		{BAA24C94-64D4-46B7-9376-CEEB3C66A22F}.Debug|x86.Build.0 = Debug|Any CPU
		{BAA24C94-64D4-46B7-9376-CEEB3C66A22F}.Release|Any CPU.ActiveCfg = Release|Any CPU
		{BAA24C94-64D4-46B7-9376-CEEB3C66A22F}.Release|Any CPU.Build.0 = Release|Any CPU
		{BAA24C94-64D4-46B7-9376-CEEB3C66A22F}.Release|x64.ActiveCfg = Release|Any CPU
		{BAA24C94-64D4-46B7-9376-CEEB3C66A22F}.Release|x64.Build.0 = Release|Any CPU
		{BAA24C94-64D4-46B7-9376-CEEB3C66A22F}.Release|x86.ActiveCfg = Release|Any CPU
		{BAA24C94-64D4-46B7-9376-CEEB3C66A22F}.Release|x86.Build.0 = Release|Any CPU
		{B1A60339-670A-427C-A98D-F4B6C23BAC2B}.Debug|Any CPU.ActiveCfg = Debug|Any CPU
		{B1A60339-670A-427C-A98D-F4B6C23BAC2B}.Debug|Any CPU.Build.0 = Debug|Any CPU
		{B1A60339-670A-427C-A98D-F4B6C23BAC2B}.Debug|x64.ActiveCfg = Debug|Any CPU
		{B1A60339-670A-427C-A98D-F4B6C23BAC2B}.Debug|x64.Build.0 = Debug|Any CPU
		{B1A60339-670A-427C-A98D-F4B6C23BAC2B}.Debug|x86.ActiveCfg = Debug|Any CPU
		{B1A60339-670A-427C-A98D-F4B6C23BAC2B}.Debug|x86.Build.0 = Debug|Any CPU
		{B1A60339-670A-427C-A98D-F4B6C23BAC2B}.Release|Any CPU.ActiveCfg = Release|Any CPU
		{B1A60339-670A-427C-A98D-F4B6C23BAC2B}.Release|Any CPU.Build.0 = Release|Any CPU
		{B1A60339-670A-427C-A98D-F4B6C23BAC2B}.Release|x64.ActiveCfg = Release|Any CPU
		{B1A60339-670A-427C-A98D-F4B6C23BAC2B}.Release|x64.Build.0 = Release|Any CPU
		{B1A60339-670A-427C-A98D-F4B6C23BAC2B}.Release|x86.ActiveCfg = Release|Any CPU
		{B1A60339-670A-427C-A98D-F4B6C23BAC2B}.Release|x86.Build.0 = Release|Any CPU
		{7467747A-ACC2-46B3-B913-63EFC25C0889}.Debug|Any CPU.ActiveCfg = Debug|Any CPU
		{7467747A-ACC2-46B3-B913-63EFC25C0889}.Debug|Any CPU.Build.0 = Debug|Any CPU
		{7467747A-ACC2-46B3-B913-63EFC25C0889}.Debug|x64.ActiveCfg = Debug|Any CPU
		{7467747A-ACC2-46B3-B913-63EFC25C0889}.Debug|x64.Build.0 = Debug|Any CPU
		{7467747A-ACC2-46B3-B913-63EFC25C0889}.Debug|x86.ActiveCfg = Debug|Any CPU
		{7467747A-ACC2-46B3-B913-63EFC25C0889}.Debug|x86.Build.0 = Debug|Any CPU
		{7467747A-ACC2-46B3-B913-63EFC25C0889}.Release|Any CPU.ActiveCfg = Release|Any CPU
		{7467747A-ACC2-46B3-B913-63EFC25C0889}.Release|Any CPU.Build.0 = Release|Any CPU
		{7467747A-ACC2-46B3-B913-63EFC25C0889}.Release|x64.ActiveCfg = Release|Any CPU
		{7467747A-ACC2-46B3-B913-63EFC25C0889}.Release|x64.Build.0 = Release|Any CPU
		{7467747A-ACC2-46B3-B913-63EFC25C0889}.Release|x86.ActiveCfg = Release|Any CPU
		{7467747A-ACC2-46B3-B913-63EFC25C0889}.Release|x86.Build.0 = Release|Any CPU
		{CF8679F7-B1F3-4A7C-AAE4-B8F8E60E099E}.Debug|Any CPU.ActiveCfg = Debug|Any CPU
		{CF8679F7-B1F3-4A7C-AAE4-B8F8E60E099E}.Debug|Any CPU.Build.0 = Debug|Any CPU
		{CF8679F7-B1F3-4A7C-AAE4-B8F8E60E099E}.Debug|x64.ActiveCfg = Debug|Any CPU
		{CF8679F7-B1F3-4A7C-AAE4-B8F8E60E099E}.Debug|x64.Build.0 = Debug|Any CPU
		{CF8679F7-B1F3-4A7C-AAE4-B8F8E60E099E}.Debug|x86.ActiveCfg = Debug|Any CPU
		{CF8679F7-B1F3-4A7C-AAE4-B8F8E60E099E}.Debug|x86.Build.0 = Debug|Any CPU
		{CF8679F7-B1F3-4A7C-AAE4-B8F8E60E099E}.Release|Any CPU.ActiveCfg = Release|Any CPU
		{CF8679F7-B1F3-4A7C-AAE4-B8F8E60E099E}.Release|Any CPU.Build.0 = Release|Any CPU
		{CF8679F7-B1F3-4A7C-AAE4-B8F8E60E099E}.Release|x64.ActiveCfg = Release|Any CPU
		{CF8679F7-B1F3-4A7C-AAE4-B8F8E60E099E}.Release|x64.Build.0 = Release|Any CPU
		{CF8679F7-B1F3-4A7C-AAE4-B8F8E60E099E}.Release|x86.ActiveCfg = Release|Any CPU
		{CF8679F7-B1F3-4A7C-AAE4-B8F8E60E099E}.Release|x86.Build.0 = Release|Any CPU
		{C6ABD93C-9602-4F1D-883D-95518798C1F1}.Debug|Any CPU.ActiveCfg = Debug|Any CPU
		{C6ABD93C-9602-4F1D-883D-95518798C1F1}.Debug|Any CPU.Build.0 = Debug|Any CPU
		{C6ABD93C-9602-4F1D-883D-95518798C1F1}.Debug|x64.ActiveCfg = Debug|Any CPU
		{C6ABD93C-9602-4F1D-883D-95518798C1F1}.Debug|x64.Build.0 = Debug|Any CPU
		{C6ABD93C-9602-4F1D-883D-95518798C1F1}.Debug|x86.ActiveCfg = Debug|Any CPU
		{C6ABD93C-9602-4F1D-883D-95518798C1F1}.Debug|x86.Build.0 = Debug|Any CPU
		{C6ABD93C-9602-4F1D-883D-95518798C1F1}.Release|Any CPU.ActiveCfg = Release|Any CPU
		{C6ABD93C-9602-4F1D-883D-95518798C1F1}.Release|Any CPU.Build.0 = Release|Any CPU
		{C6ABD93C-9602-4F1D-883D-95518798C1F1}.Release|x64.ActiveCfg = Release|Any CPU
		{C6ABD93C-9602-4F1D-883D-95518798C1F1}.Release|x64.Build.0 = Release|Any CPU
		{C6ABD93C-9602-4F1D-883D-95518798C1F1}.Release|x86.ActiveCfg = Release|Any CPU
		{C6ABD93C-9602-4F1D-883D-95518798C1F1}.Release|x86.Build.0 = Release|Any CPU
		{B249E25C-495C-443F-8D9B-AB857767FFE6}.Debug|Any CPU.ActiveCfg = Debug|Any CPU
		{B249E25C-495C-443F-8D9B-AB857767FFE6}.Debug|Any CPU.Build.0 = Debug|Any CPU
		{B249E25C-495C-443F-8D9B-AB857767FFE6}.Debug|x64.ActiveCfg = Debug|Any CPU
		{B249E25C-495C-443F-8D9B-AB857767FFE6}.Debug|x64.Build.0 = Debug|Any CPU
		{B249E25C-495C-443F-8D9B-AB857767FFE6}.Debug|x86.ActiveCfg = Debug|Any CPU
		{B249E25C-495C-443F-8D9B-AB857767FFE6}.Debug|x86.Build.0 = Debug|Any CPU
		{B249E25C-495C-443F-8D9B-AB857767FFE6}.Release|Any CPU.ActiveCfg = Release|Any CPU
		{B249E25C-495C-443F-8D9B-AB857767FFE6}.Release|Any CPU.Build.0 = Release|Any CPU
		{B249E25C-495C-443F-8D9B-AB857767FFE6}.Release|x64.ActiveCfg = Release|Any CPU
		{B249E25C-495C-443F-8D9B-AB857767FFE6}.Release|x64.Build.0 = Release|Any CPU
		{B249E25C-495C-443F-8D9B-AB857767FFE6}.Release|x86.ActiveCfg = Release|Any CPU
		{B249E25C-495C-443F-8D9B-AB857767FFE6}.Release|x86.Build.0 = Release|Any CPU
		{20FF2DAB-DA01-4F3B-9D51-C5A8854B0BB7}.Debug|Any CPU.ActiveCfg = Debug|Any CPU
		{20FF2DAB-DA01-4F3B-9D51-C5A8854B0BB7}.Debug|Any CPU.Build.0 = Debug|Any CPU
		{20FF2DAB-DA01-4F3B-9D51-C5A8854B0BB7}.Debug|x64.ActiveCfg = Debug|Any CPU
		{20FF2DAB-DA01-4F3B-9D51-C5A8854B0BB7}.Debug|x64.Build.0 = Debug|Any CPU
		{20FF2DAB-DA01-4F3B-9D51-C5A8854B0BB7}.Debug|x86.ActiveCfg = Debug|Any CPU
		{20FF2DAB-DA01-4F3B-9D51-C5A8854B0BB7}.Debug|x86.Build.0 = Debug|Any CPU
		{20FF2DAB-DA01-4F3B-9D51-C5A8854B0BB7}.Release|Any CPU.ActiveCfg = Release|Any CPU
		{20FF2DAB-DA01-4F3B-9D51-C5A8854B0BB7}.Release|Any CPU.Build.0 = Release|Any CPU
		{20FF2DAB-DA01-4F3B-9D51-C5A8854B0BB7}.Release|x64.ActiveCfg = Release|Any CPU
		{20FF2DAB-DA01-4F3B-9D51-C5A8854B0BB7}.Release|x64.Build.0 = Release|Any CPU
		{20FF2DAB-DA01-4F3B-9D51-C5A8854B0BB7}.Release|x86.ActiveCfg = Release|Any CPU
		{20FF2DAB-DA01-4F3B-9D51-C5A8854B0BB7}.Release|x86.Build.0 = Release|Any CPU
	EndGlobalSection
	GlobalSection(SolutionProperties) = preSolution
		HideSolutionNode = FALSE
	EndGlobalSection
	GlobalSection(NestedProjects) = preSolution
		{887A19BF-7F9A-16C7-25F3-6EFDF3B0534E} = {F7760797-8F2F-850B-6F78-0BC90A1A3740}
		{90DD9AB5-4167-4C21-B56D-E57ABC04AD9F} = {887A19BF-7F9A-16C7-25F3-6EFDF3B0534E}
		{CB5C4078-9EB6-6E70-45C6-EEFE96C565AC} = {609F40C5-C560-40E6-76C7-691311A42DF0}
		{4749DE6E-AA66-2B62-A600-4C9E18A01A81} = {CB5C4078-9EB6-6E70-45C6-EEFE96C565AC}
		{B2E61F30-6C08-1C96-46F0-09EA6E4AB860} = {4749DE6E-AA66-2B62-A600-4C9E18A01A81}
		{D250946D-43AC-45CC-BFFB-D22780E02943} = {B2E61F30-6C08-1C96-46F0-09EA6E4AB860}
		{7DF45F22-B15E-D4AB-3EFE-AA0DEA728AB7} = {51E6985D-5232-CDA8-11B4-9B18D1523467}
		{F140A0F9-6211-4757-9534-58E07A794998} = {7DF45F22-B15E-D4AB-3EFE-AA0DEA728AB7}
		{27B10030-DFCE-FB60-29C1-DDC0D65296BF} = {609F40C5-C560-40E6-76C7-691311A42DF0}
		{077B2D50-4340-2162-1854-57145FC6F59F} = {27B10030-DFCE-FB60-29C1-DDC0D65296BF}
		{F8B99CA0-CF28-49CA-AB5C-19FF33F81511} = {077B2D50-4340-2162-1854-57145FC6F59F}
		{E435F4BC-5830-BA1F-A09C-A793D6715A7E} = {609F40C5-C560-40E6-76C7-691311A42DF0}
		{3F25F144-1460-B918-8C6F-D60FE8B13D12} = {E435F4BC-5830-BA1F-A09C-A793D6715A7E}
		{F2EB3194-68E9-4CBE-BCFF-B3E5CDCA18FA} = {3F25F144-1460-B918-8C6F-D60FE8B13D12}
		{ACF12586-158E-DE56-63D3-10123F344626} = {11F3D48B-7B7A-7D8C-552B-1FFAEBD95A93}
		{BF8FD89C-5604-4FE9-B9C6-C152FCCB763D} = {ACF12586-158E-DE56-63D3-10123F344626}
		{186CE434-00E2-86D5-6124-4707E0DAECEF} = {609F40C5-C560-40E6-76C7-691311A42DF0}
		{F04A1990-119A-EE8B-18F7-139591B75EBD} = {186CE434-00E2-86D5-6124-4707E0DAECEF}
		{A86ED67A-A20E-4888-A545-30F1B2DAA92C} = {F04A1990-119A-EE8B-18F7-139591B75EBD}
		{17F4A8C5-484D-B6C6-8315-534341D6400D} = {609F40C5-C560-40E6-76C7-691311A42DF0}
		{C4A3CBF0-6B43-5A37-3A6B-5832A4F48172} = {17F4A8C5-484D-B6C6-8315-534341D6400D}
		{2543DD00-605D-46B2-8030-F6DCD8CF46DC} = {C4A3CBF0-6B43-5A37-3A6B-5832A4F48172}
		{64EF6FCE-CB5C-FE65-119E-142F9BE4CDA9} = {609F40C5-C560-40E6-76C7-691311A42DF0}
		{6045407B-8855-2675-22BF-5D70863F960D} = {64EF6FCE-CB5C-FE65-119E-142F9BE4CDA9}
		{0E8560BB-1805-4FAE-BF80-D088837DDC46} = {6045407B-8855-2675-22BF-5D70863F960D}
		{B4256F41-2EE4-BCF1-F6F9-8C0CCE87B2E9} = {609F40C5-C560-40E6-76C7-691311A42DF0}
		{0FE71FFA-D127-5CA2-EEFD-5D5B18A37982} = {B4256F41-2EE4-BCF1-F6F9-8C0CCE87B2E9}
		{91B0ADE5-53D2-4DD4-921C-03575DBEAD93} = {0FE71FFA-D127-5CA2-EEFD-5D5B18A37982}
		{96B22C3C-3A28-B608-535A-5B816B7F53D3} = {2950FD09-AD91-EBE7-B43D-F2320874E635}
		{FE4DE763-92EA-4042-88FA-59D8A4DB3E90} = {96B22C3C-3A28-B608-535A-5B816B7F53D3}
		{822B6A6E-0876-4474-AA8A-F93A034C2CF2} = {96B22C3C-3A28-B608-535A-5B816B7F53D3}
		{DEA7E527-A674-45EF-BF3E-BD474B4D66AB} = {96B22C3C-3A28-B608-535A-5B816B7F53D3}
		{3AC9B40C-AA69-4C3F-B30D-6346499E4A8D} = {96B22C3C-3A28-B608-535A-5B816B7F53D3}
		{AA176C01-A63D-4797-B5B1-358A377EDC1C} = {96B22C3C-3A28-B608-535A-5B816B7F53D3}
		{BAA24C94-64D4-46B7-9376-CEEB3C66A22F} = {96B22C3C-3A28-B608-535A-5B816B7F53D3}
		{B1A60339-670A-427C-A98D-F4B6C23BAC2B} = {96B22C3C-3A28-B608-535A-5B816B7F53D3}
		{7467747A-ACC2-46B3-B913-63EFC25C0889} = {887A19BF-7F9A-16C7-25F3-6EFDF3B0534E}
		{CF8679F7-B1F3-4A7C-AAE4-B8F8E60E099E} = {887A19BF-7F9A-16C7-25F3-6EFDF3B0534E}
		{C6ABD93C-9602-4F1D-883D-95518798C1F1} = {887A19BF-7F9A-16C7-25F3-6EFDF3B0534E}
		{6578CBC6-6481-2058-5007-7599373DE716} = {11F3D48B-7B7A-7D8C-552B-1FFAEBD95A93}
		{B249E25C-495C-443F-8D9B-AB857767FFE6} = {6578CBC6-6481-2058-5007-7599373DE716}
		{20FF2DAB-DA01-4F3B-9D51-C5A8854B0BB7} = {96B22C3C-3A28-B608-535A-5B816B7F53D3}
	EndGlobalSection
EndGlobal
